// !$*UTF8*$!
{
	archiveVersion = 1;
	classes = {
	};
	objectVersion = 46;
	objects = {

/* Begin PBXBuildFile section */
		7D0705EE1AC368E8008BF46D /* EncuestaViewController.swift in Sources */ = {isa = PBXBuildFile; fileRef = 7D0705ED1AC368E8008BF46D /* EncuestaViewController.swift */; };
		7D0705F01AC36AFC008BF46D /* Paciente.swift in Sources */ = {isa = PBXBuildFile; fileRef = 7D0705EF1AC36AFC008BF46D /* Paciente.swift */; };
		7D0705F31AC36CA8008BF46D /* Main.storyboard in Resources */ = {isa = PBXBuildFile; fileRef = 7D0705F11AC36CA8008BF46D /* Main.storyboard */; };
		7D0705F71AC378B5008BF46D /* TableViewController.swift in Sources */ = {isa = PBXBuildFile; fileRef = 7D0705F61AC378B5008BF46D /* TableViewController.swift */; };
		7DE0D89F1AC0A5D6008958BE /* AppDelegate.swift in Sources */ = {isa = PBXBuildFile; fileRef = 7DE0D89E1AC0A5D6008958BE /* AppDelegate.swift */; };
		7DE0D8A21AC0A5D6008958BE /* Encuesta.xcdatamodeld in Sources */ = {isa = PBXBuildFile; fileRef = 7DE0D8A01AC0A5D6008958BE /* Encuesta.xcdatamodeld */; };
		7DE0D8A41AC0A5D6008958BE /* ViewController.swift in Sources */ = {isa = PBXBuildFile; fileRef = 7DE0D8A31AC0A5D6008958BE /* ViewController.swift */; };
		7DE0D8A91AC0A5D7008958BE /* Images.xcassets in Resources */ = {isa = PBXBuildFile; fileRef = 7DE0D8A81AC0A5D7008958BE /* Images.xcassets */; };
		7DE0D8AC1AC0A5D7008958BE /* LaunchScreen.xib in Resources */ = {isa = PBXBuildFile; fileRef = 7DE0D8AA1AC0A5D7008958BE /* LaunchScreen.xib */; };
		7DE0D8B81AC0A5D7008958BE /* EncuestaTests.swift in Sources */ = {isa = PBXBuildFile; fileRef = 7DE0D8B71AC0A5D7008958BE /* EncuestaTests.swift */; };
		7DE0D8C21AC0DC81008958BE /* Bene.jpg in Resources */ = {isa = PBXBuildFile; fileRef = 7DE0D8C11AC0DC81008958BE /* Bene.jpg */; };
		7DE0D8D21AC0DC9C008958BE /* Alamofire.framework in Frameworks */ = {isa = PBXBuildFile; fileRef = 7DE0D8CB1AC0DC99008958BE /* Alamofire.framework */; };
		7DE0D8D31AC0DC9C008958BE /* Alamofire.framework in Embed Frameworks */ = {isa = PBXBuildFile; fileRef = 7DE0D8CB1AC0DC99008958BE /* Alamofire.framework */; settings = {ATTRIBUTES = (CodeSignOnCopy, RemoveHeadersOnCopy, ); }; };
/* End PBXBuildFile section */

/* Begin PBXContainerItemProxy section */
		7DE0D8B21AC0A5D7008958BE /* PBXContainerItemProxy */ = {
			isa = PBXContainerItemProxy;
			containerPortal = 7DE0D8911AC0A5D6008958BE /* Project object */;
			proxyType = 1;
			remoteGlobalIDString = 7DE0D8981AC0A5D6008958BE;
			remoteInfo = Encuesta;
		};
		7DE0D8CA1AC0DC99008958BE /* PBXContainerItemProxy */ = {
			isa = PBXContainerItemProxy;
			containerPortal = 7DE0D8C31AC0DC98008958BE /* Alamofire.xcodeproj */;
			proxyType = 2;
			remoteGlobalIDString = F8111E3319A95C8B0040E7D1;
			remoteInfo = "Alamofire iOS";
		};
		7DE0D8CC1AC0DC99008958BE /* PBXContainerItemProxy */ = {
			isa = PBXContainerItemProxy;
			containerPortal = 7DE0D8C31AC0DC98008958BE /* Alamofire.xcodeproj */;
			proxyType = 2;
			remoteGlobalIDString = 4DD67C0B1A5C55C900ED2280;
			remoteInfo = "Alamofire OSX";
		};
		7DE0D8CE1AC0DC99008958BE /* PBXContainerItemProxy */ = {
			isa = PBXContainerItemProxy;
			containerPortal = 7DE0D8C31AC0DC98008958BE /* Alamofire.xcodeproj */;
			proxyType = 2;
			remoteGlobalIDString = F8111E3E19A95C8B0040E7D1;
			remoteInfo = "Alamofire iOS Tests";
		};
		7DE0D8D01AC0DC99008958BE /* PBXContainerItemProxy */ = {
			isa = PBXContainerItemProxy;
			containerPortal = 7DE0D8C31AC0DC98008958BE /* Alamofire.xcodeproj */;
			proxyType = 2;
			remoteGlobalIDString = F829C6B21A7A94F100A2CD59;
			remoteInfo = "Alamofire OSX Tests";
		};
		7DE0D8D41AC0DC9C008958BE /* PBXContainerItemProxy */ = {
			isa = PBXContainerItemProxy;
			containerPortal = 7DE0D8C31AC0DC98008958BE /* Alamofire.xcodeproj */;
			proxyType = 1;
			remoteGlobalIDString = F8111E3219A95C8B0040E7D1;
			remoteInfo = "Alamofire iOS";
		};
/* End PBXContainerItemProxy section */

/* Begin PBXCopyFilesBuildPhase section */
		7DE0D8D61AC0DC9C008958BE /* Embed Frameworks */ = {
			isa = PBXCopyFilesBuildPhase;
			buildActionMask = 2147483647;
			dstPath = "";
			dstSubfolderSpec = 10;
			files = (
				7DE0D8D31AC0DC9C008958BE /* Alamofire.framework in Embed Frameworks */,
			);
			name = "Embed Frameworks";
			runOnlyForDeploymentPostprocessing = 0;
		};
/* End PBXCopyFilesBuildPhase section */

/* Begin PBXFileReference section */
		7D0705ED1AC368E8008BF46D /* EncuestaViewController.swift */ = {isa = PBXFileReference; fileEncoding = 4; lastKnownFileType = sourcecode.swift; path = EncuestaViewController.swift; sourceTree = "<group>"; };
		7D0705EF1AC36AFC008BF46D /* Paciente.swift */ = {isa = PBXFileReference; fileEncoding = 4; lastKnownFileType = sourcecode.swift; path = Paciente.swift; sourceTree = "<group>"; };
		7D0705F21AC36CA8008BF46D /* Base */ = {isa = PBXFileReference; lastKnownFileType = file.storyboard; name = Base; path = Base.lproj/Main.storyboard; sourceTree = "<group>"; };
		7D0705F61AC378B5008BF46D /* TableViewController.swift */ = {isa = PBXFileReference; fileEncoding = 4; lastKnownFileType = sourcecode.swift; path = TableViewController.swift; sourceTree = "<group>"; };
		7DE0D8991AC0A5D6008958BE /* Encuesta.app */ = {isa = PBXFileReference; explicitFileType = wrapper.application; includeInIndex = 0; path = Encuesta.app; sourceTree = BUILT_PRODUCTS_DIR; };
		7DE0D89D1AC0A5D6008958BE /* Info.plist */ = {isa = PBXFileReference; lastKnownFileType = text.plist.xml; path = Info.plist; sourceTree = "<group>"; };
		7DE0D89E1AC0A5D6008958BE /* AppDelegate.swift */ = {isa = PBXFileReference; lastKnownFileType = sourcecode.swift; path = AppDelegate.swift; sourceTree = "<group>"; };
		7DE0D8A11AC0A5D6008958BE /* Encuesta.xcdatamodel */ = {isa = PBXFileReference; lastKnownFileType = wrapper.xcdatamodel; path = Encuesta.xcdatamodel; sourceTree = "<group>"; };
		7DE0D8A31AC0A5D6008958BE /* ViewController.swift */ = {isa = PBXFileReference; lastKnownFileType = sourcecode.swift; path = ViewController.swift; sourceTree = "<group>"; };
		7DE0D8A81AC0A5D7008958BE /* Images.xcassets */ = {isa = PBXFileReference; lastKnownFileType = folder.assetcatalog; path = Images.xcassets; sourceTree = "<group>"; };
		7DE0D8AB1AC0A5D7008958BE /* Base */ = {isa = PBXFileReference; lastKnownFileType = file.xib; name = Base; path = Base.lproj/LaunchScreen.xib; sourceTree = "<group>"; };
		7DE0D8B11AC0A5D7008958BE /* EncuestaTests.xctest */ = {isa = PBXFileReference; explicitFileType = wrapper.cfbundle; includeInIndex = 0; path = EncuestaTests.xctest; sourceTree = BUILT_PRODUCTS_DIR; };
		7DE0D8B61AC0A5D7008958BE /* Info.plist */ = {isa = PBXFileReference; lastKnownFileType = text.plist.xml; path = Info.plist; sourceTree = "<group>"; };
		7DE0D8B71AC0A5D7008958BE /* EncuestaTests.swift */ = {isa = PBXFileReference; lastKnownFileType = sourcecode.swift; path = EncuestaTests.swift; sourceTree = "<group>"; };
		7DE0D8C11AC0DC81008958BE /* Bene.jpg */ = {isa = PBXFileReference; lastKnownFileType = image.jpeg; path = Bene.jpg; sourceTree = "<group>"; };
		7DE0D8C31AC0DC98008958BE /* Alamofire.xcodeproj */ = {isa = PBXFileReference; lastKnownFileType = "wrapper.pb-project"; name = Alamofire.xcodeproj; path = "Alamofire-master/Alamofire.xcodeproj"; sourceTree = "<group>"; };
/* End PBXFileReference section */

/* Begin PBXFrameworksBuildPhase section */
		7DE0D8961AC0A5D6008958BE /* Frameworks */ = {
			isa = PBXFrameworksBuildPhase;
			buildActionMask = 2147483647;
			files = (
				7DE0D8D21AC0DC9C008958BE /* Alamofire.framework in Frameworks */,
			);
			runOnlyForDeploymentPostprocessing = 0;
		};
		7DE0D8AE1AC0A5D7008958BE /* Frameworks */ = {
			isa = PBXFrameworksBuildPhase;
			buildActionMask = 2147483647;
			files = (
			);
			runOnlyForDeploymentPostprocessing = 0;
		};
/* End PBXFrameworksBuildPhase section */

/* Begin PBXGroup section */
		7DE0D8901AC0A5D6008958BE = {
			isa = PBXGroup;
			children = (
				7DE0D89B1AC0A5D6008958BE /* Encuesta */,
				7DE0D8C31AC0DC98008958BE /* Alamofire.xcodeproj */,
				7DE0D8B41AC0A5D7008958BE /* EncuestaTests */,
				7DE0D89A1AC0A5D6008958BE /* Products */,
			);
			sourceTree = "<group>";
		};
		7DE0D89A1AC0A5D6008958BE /* Products */ = {
			isa = PBXGroup;
			children = (
				7DE0D8991AC0A5D6008958BE /* Encuesta.app */,
				7DE0D8B11AC0A5D7008958BE /* EncuestaTests.xctest */,
			);
			name = Products;
			sourceTree = "<group>";
		};
		7DE0D89B1AC0A5D6008958BE /* Encuesta */ = {
			isa = PBXGroup;
			children = (
				7DE0D89E1AC0A5D6008958BE /* AppDelegate.swift */,
				7DE0D8A31AC0A5D6008958BE /* ViewController.swift */,
				7D0705EF1AC36AFC008BF46D /* Paciente.swift */,
				7D0705F61AC378B5008BF46D /* TableViewController.swift */,
				7D0705ED1AC368E8008BF46D /* EncuestaViewController.swift */,
				7D0705F11AC36CA8008BF46D /* Main.storyboard */,
				7DE0D8C11AC0DC81008958BE /* Bene.jpg */,
				7DE0D8A81AC0A5D7008958BE /* Images.xcassets */,
				7DE0D8AA1AC0A5D7008958BE /* LaunchScreen.xib */,
				7DE0D8A01AC0A5D6008958BE /* Encuesta.xcdatamodeld */,
				7DE0D89C1AC0A5D6008958BE /* Supporting Files */,
			);
			path = Encuesta;
			sourceTree = "<group>";
		};
		7DE0D89C1AC0A5D6008958BE /* Supporting Files */ = {
			isa = PBXGroup;
			children = (
				7DE0D89D1AC0A5D6008958BE /* Info.plist */,
			);
			name = "Supporting Files";
			sourceTree = "<group>";
		};
		7DE0D8B41AC0A5D7008958BE /* EncuestaTests */ = {
			isa = PBXGroup;
			children = (
				7DE0D8B71AC0A5D7008958BE /* EncuestaTests.swift */,
				7DE0D8B51AC0A5D7008958BE /* Supporting Files */,
			);
			path = EncuestaTests;
			sourceTree = "<group>";
		};
		7DE0D8B51AC0A5D7008958BE /* Supporting Files */ = {
			isa = PBXGroup;
			children = (
				7DE0D8B61AC0A5D7008958BE /* Info.plist */,
			);
			name = "Supporting Files";
			sourceTree = "<group>";
		};
		7DE0D8C41AC0DC98008958BE /* Products */ = {
			isa = PBXGroup;
			children = (
				7DE0D8CB1AC0DC99008958BE /* Alamofire.framework */,
				7DE0D8CD1AC0DC99008958BE /* Alamofire.framework */,
				7DE0D8CF1AC0DC99008958BE /* Alamofire iOS Tests.xctest */,
				7DE0D8D11AC0DC99008958BE /* Alamofire OSX Tests.xctest */,
			);
			name = Products;
			sourceTree = "<group>";
		};
/* End PBXGroup section */

/* Begin PBXNativeTarget section */
		7DE0D8981AC0A5D6008958BE /* Encuesta */ = {
			isa = PBXNativeTarget;
			buildConfigurationList = 7DE0D8BB1AC0A5D7008958BE /* Build configuration list for PBXNativeTarget "Encuesta" */;
			buildPhases = (
				7DE0D8951AC0A5D6008958BE /* Sources */,
				7DE0D8961AC0A5D6008958BE /* Frameworks */,
				7DE0D8971AC0A5D6008958BE /* Resources */,
				7DE0D8D61AC0DC9C008958BE /* Embed Frameworks */,
			);
			buildRules = (
			);
			dependencies = (
				7DE0D8D51AC0DC9C008958BE /* PBXTargetDependency */,
			);
			name = Encuesta;
			productName = Encuesta;
			productReference = 7DE0D8991AC0A5D6008958BE /* Encuesta.app */;
			productType = "com.apple.product-type.application";
		};
		7DE0D8B01AC0A5D7008958BE /* EncuestaTests */ = {
			isa = PBXNativeTarget;
			buildConfigurationList = 7DE0D8BE1AC0A5D7008958BE /* Build configuration list for PBXNativeTarget "EncuestaTests" */;
			buildPhases = (
				7DE0D8AD1AC0A5D7008958BE /* Sources */,
				7DE0D8AE1AC0A5D7008958BE /* Frameworks */,
				7DE0D8AF1AC0A5D7008958BE /* Resources */,
			);
			buildRules = (
			);
			dependencies = (
				7DE0D8B31AC0A5D7008958BE /* PBXTargetDependency */,
			);
			name = EncuestaTests;
			productName = EncuestaTests;
			productReference = 7DE0D8B11AC0A5D7008958BE /* EncuestaTests.xctest */;
			productType = "com.apple.product-type.bundle.unit-test";
		};
/* End PBXNativeTarget section */

/* Begin PBXProject section */
		7DE0D8911AC0A5D6008958BE /* Project object */ = {
			isa = PBXProject;
			attributes = {
				LastUpgradeCheck = 0620;
				ORGANIZATIONNAME = GilTIC;
				TargetAttributes = {
					7DE0D8981AC0A5D6008958BE = {
						CreatedOnToolsVersion = 6.2;
					};
					7DE0D8B01AC0A5D7008958BE = {
						CreatedOnToolsVersion = 6.2;
						TestTargetID = 7DE0D8981AC0A5D6008958BE;
					};
				};
			};
			buildConfigurationList = 7DE0D8941AC0A5D6008958BE /* Build configuration list for PBXProject "Encuesta" */;
			compatibilityVersion = "Xcode 3.2";
			developmentRegion = English;
			hasScannedForEncodings = 0;
			knownRegions = (
				en,
				Base,
			);
			mainGroup = 7DE0D8901AC0A5D6008958BE;
			productRefGroup = 7DE0D89A1AC0A5D6008958BE /* Products */;
			projectDirPath = "";
			projectReferences = (
				{
					ProductGroup = 7DE0D8C41AC0DC98008958BE /* Products */;
					ProjectRef = 7DE0D8C31AC0DC98008958BE /* Alamofire.xcodeproj */;
				},
			);
			projectRoot = "";
			targets = (
				7DE0D8981AC0A5D6008958BE /* Encuesta */,
				7DE0D8B01AC0A5D7008958BE /* EncuestaTests */,
			);
		};
/* End PBXProject section */

/* Begin PBXReferenceProxy section */
		7DE0D8CB1AC0DC99008958BE /* Alamofire.framework */ = {
			isa = PBXReferenceProxy;
			fileType = wrapper.framework;
			path = Alamofire.framework;
			remoteRef = 7DE0D8CA1AC0DC99008958BE /* PBXContainerItemProxy */;
			sourceTree = BUILT_PRODUCTS_DIR;
		};
		7DE0D8CD1AC0DC99008958BE /* Alamofire.framework */ = {
			isa = PBXReferenceProxy;
			fileType = wrapper.framework;
			path = Alamofire.framework;
			remoteRef = 7DE0D8CC1AC0DC99008958BE /* PBXContainerItemProxy */;
			sourceTree = BUILT_PRODUCTS_DIR;
		};
		7DE0D8CF1AC0DC99008958BE /* Alamofire iOS Tests.xctest */ = {
			isa = PBXReferenceProxy;
			fileType = wrapper.cfbundle;
			path = "Alamofire iOS Tests.xctest";
			remoteRef = 7DE0D8CE1AC0DC99008958BE /* PBXContainerItemProxy */;
			sourceTree = BUILT_PRODUCTS_DIR;
		};
		7DE0D8D11AC0DC99008958BE /* Alamofire OSX Tests.xctest */ = {
			isa = PBXReferenceProxy;
			fileType = wrapper.cfbundle;
			path = "Alamofire OSX Tests.xctest";
			remoteRef = 7DE0D8D01AC0DC99008958BE /* PBXContainerItemProxy */;
			sourceTree = BUILT_PRODUCTS_DIR;
		};
/* End PBXReferenceProxy section */

/* Begin PBXResourcesBuildPhase section */
		7DE0D8971AC0A5D6008958BE /* Resources */ = {
			isa = PBXResourcesBuildPhase;
			buildActionMask = 2147483647;
			files = (
				7DE0D8C21AC0DC81008958BE /* Bene.jpg in Resources */,
				7DE0D8AC1AC0A5D7008958BE /* LaunchScreen.xib in Resources */,
				7DE0D8A91AC0A5D7008958BE /* Images.xcassets in Resources */,
				7D0705F31AC36CA8008BF46D /* Main.storyboard in Resources */,
			);
			runOnlyForDeploymentPostprocessing = 0;
		};
		7DE0D8AF1AC0A5D7008958BE /* Resources */ = {
			isa = PBXResourcesBuildPhase;
			buildActionMask = 2147483647;
			files = (
			);
			runOnlyForDeploymentPostprocessing = 0;
		};
/* End PBXResourcesBuildPhase section */

/* Begin PBXSourcesBuildPhase section */
		7DE0D8951AC0A5D6008958BE /* Sources */ = {
			isa = PBXSourcesBuildPhase;
			buildActionMask = 2147483647;
			files = (
				7D0705F01AC36AFC008BF46D /* Paciente.swift in Sources */,
				7D0705F71AC378B5008BF46D /* TableViewController.swift in Sources */,
				7DE0D8A41AC0A5D6008958BE /* ViewController.swift in Sources */,
				7DE0D89F1AC0A5D6008958BE /* AppDelegate.swift in Sources */,
				7DE0D8A21AC0A5D6008958BE /* Encuesta.xcdatamodeld in Sources */,
				7D0705EE1AC368E8008BF46D /* EncuestaViewController.swift in Sources */,
			);
			runOnlyForDeploymentPostprocessing = 0;
		};
		7DE0D8AD1AC0A5D7008958BE /* Sources */ = {
			isa = PBXSourcesBuildPhase;
			buildActionMask = 2147483647;
			files = (
				7DE0D8B81AC0A5D7008958BE /* EncuestaTests.swift in Sources */,
			);
			runOnlyForDeploymentPostprocessing = 0;
		};
/* End PBXSourcesBuildPhase section */

/* Begin PBXTargetDependency section */
		7DE0D8B31AC0A5D7008958BE /* PBXTargetDependency */ = {
			isa = PBXTargetDependency;
			target = 7DE0D8981AC0A5D6008958BE /* Encuesta */;
			targetProxy = 7DE0D8B21AC0A5D7008958BE /* PBXContainerItemProxy */;
		};
		7DE0D8D51AC0DC9C008958BE /* PBXTargetDependency */ = {
			isa = PBXTargetDependency;
			name = "Alamofire iOS";
			targetProxy = 7DE0D8D41AC0DC9C008958BE /* PBXContainerItemProxy */;
		};
/* End PBXTargetDependency section */

/* Begin PBXVariantGroup section */
		7D0705F11AC36CA8008BF46D /* Main.storyboard */ = {
			isa = PBXVariantGroup;
			children = (
				7D0705F21AC36CA8008BF46D /* Base */,
			);
			name = Main.storyboard;
			sourceTree = "<group>";
		};
		7DE0D8AA1AC0A5D7008958BE /* LaunchScreen.xib */ = {
			isa = PBXVariantGroup;
			children = (
				7DE0D8AB1AC0A5D7008958BE /* Base */,
			);
			name = LaunchScreen.xib;
			sourceTree = "<group>";
		};
/* End PBXVariantGroup section */

/* Begin XCBuildConfiguration section */
		7DE0D8B91AC0A5D7008958BE /* Debug */ = {
			isa = XCBuildConfiguration;
			buildSettings = {
				ALWAYS_SEARCH_USER_PATHS = NO;
				CLANG_CXX_LANGUAGE_STANDARD = "gnu++0x";
				CLANG_CXX_LIBRARY = "libc++";
				CLANG_ENABLE_MODULES = YES;
				CLANG_ENABLE_OBJC_ARC = YES;
				CLANG_WARN_BOOL_CONVERSION = YES;
				CLANG_WARN_CONSTANT_CONVERSION = YES;
				CLANG_WARN_DIRECT_OBJC_ISA_USAGE = YES_ERROR;
				CLANG_WARN_EMPTY_BODY = YES;
				CLANG_WARN_ENUM_CONVERSION = YES;
				CLANG_WARN_INT_CONVERSION = YES;
				CLANG_WARN_OBJC_ROOT_CLASS = YES_ERROR;
				CLANG_WARN_UNREACHABLE_CODE = YES;
				CLANG_WARN__DUPLICATE_METHOD_MATCH = YES;
				"CODE_SIGN_IDENTITY[sdk=iphoneos*]" = "iPhone Developer";
				COPY_PHASE_STRIP = NO;
				ENABLE_STRICT_OBJC_MSGSEND = YES;
				GCC_C_LANGUAGE_STANDARD = gnu99;
				GCC_DYNAMIC_NO_PIC = NO;
				GCC_OPTIMIZATION_LEVEL = 0;
				GCC_PREPROCESSOR_DEFINITIONS = (
					"DEBUG=1",
					"$(inherited)",
				);
				GCC_SYMBOLS_PRIVATE_EXTERN = NO;
				GCC_WARN_64_TO_32_BIT_CONVERSION = YES;
				GCC_WARN_ABOUT_RETURN_TYPE = YES_ERROR;
				GCC_WARN_UNDECLARED_SELECTOR = YES;
				GCC_WARN_UNINITIALIZED_AUTOS = YES_AGGRESSIVE;
				GCC_WARN_UNUSED_FUNCTION = YES;
				GCC_WARN_UNUSED_VARIABLE = YES;
				IPHONEOS_DEPLOYMENT_TARGET = 8.1;
				MTL_ENABLE_DEBUG_INFO = YES;
				ONLY_ACTIVE_ARCH = YES;
				SDKROOT = iphoneos;
				SWIFT_OPTIMIZATION_LEVEL = "-Onone";
			};
			name = Debug;
		};
		7DE0D8BA1AC0A5D7008958BE /* Release */ = {
			isa = XCBuildConfiguration;
			buildSettings = {
				ALWAYS_SEARCH_USER_PATHS = NO;
				CLANG_CXX_LANGUAGE_STANDARD = "gnu++0x";
				CLANG_CXX_LIBRARY = "libc++";
				CLANG_ENABLE_MODULES = YES;
				CLANG_ENABLE_OBJC_ARC = YES;
				CLANG_WARN_BOOL_CONVERSION = YES;
				CLANG_WARN_CONSTANT_CONVERSION = YES;
				CLANG_WARN_DIRECT_OBJC_ISA_USAGE = YES_ERROR;
				CLANG_WARN_EMPTY_BODY = YES;
				CLANG_WARN_ENUM_CONVERSION = YES;
				CLANG_WARN_INT_CONVERSION = YES;
				CLANG_WARN_OBJC_ROOT_CLASS = YES_ERROR;
				CLANG_WARN_UNREACHABLE_CODE = YES;
				CLANG_WARN__DUPLICATE_METHOD_MATCH = YES;
				"CODE_SIGN_IDENTITY[sdk=iphoneos*]" = "iPhone Developer";
				COPY_PHASE_STRIP = NO;
				ENABLE_NS_ASSERTIONS = NO;
				ENABLE_STRICT_OBJC_MSGSEND = YES;
				GCC_C_LANGUAGE_STANDARD = gnu99;
				GCC_WARN_64_TO_32_BIT_CONVERSION = YES;
				GCC_WARN_ABOUT_RETURN_TYPE = YES_ERROR;
				GCC_WARN_UNDECLARED_SELECTOR = YES;
				GCC_WARN_UNINITIALIZED_AUTOS = YES_AGGRESSIVE;
				GCC_WARN_UNUSED_FUNCTION = YES;
				GCC_WARN_UNUSED_VARIABLE = YES;
				IPHONEOS_DEPLOYMENT_TARGET = 8.1;
				MTL_ENABLE_DEBUG_INFO = NO;
				SDKROOT = iphoneos;
				VALIDATE_PRODUCT = YES;
			};
			name = Release;
		};
		7DE0D8BC1AC0A5D7008958BE /* Debug */ = {
			isa = XCBuildConfiguration;
			buildSettings = {
				ASSETCATALOG_COMPILER_APPICON_NAME = AppIcon;
				EMBEDDED_CONTENT_CONTAINS_SWIFT = YES;
				INFOPLIST_FILE = Encuesta/Info.plist;
				IPHONEOS_DEPLOYMENT_TARGET = 8.0;
				LD_RUNPATH_SEARCH_PATHS = "$(inherited) @executable_path/Frameworks";
				PRODUCT_NAME = "$(TARGET_NAME)";
			};
			name = Debug;
		};
		7DE0D8BD1AC0A5D7008958BE /* Release */ = {
			isa = XCBuildConfiguration;
			buildSettings = {
				ASSETCATALOG_COMPILER_APPICON_NAME = AppIcon;
				EMBEDDED_CONTENT_CONTAINS_SWIFT = YES;
				INFOPLIST_FILE = Encuesta/Info.plist;
				IPHONEOS_DEPLOYMENT_TARGET = 8.0;
				LD_RUNPATH_SEARCH_PATHS = "$(inherited) @executable_path/Frameworks";
				PRODUCT_NAME = "$(TARGET_NAME)";
			};
			name = Release;
		};
		7DE0D8BF1AC0A5D7008958BE /* Debug */ = {
			isa = XCBuildConfiguration;
			buildSettings = {
				BUNDLE_LOADER = "$(TEST_HOST)";
				FRAMEWORK_SEARCH_PATHS = (
					"$(SDKROOT)/Developer/Library/Frameworks",
					"$(inherited)",
				);
				GCC_PREPROCESSOR_DEFINITIONS = (
					"DEBUG=1",
					"$(inherited)",
				);
				INFOPLIST_FILE = EncuestaTests/Info.plist;
				LD_RUNPATH_SEARCH_PATHS = "$(inherited) @executable_path/Frameworks @loader_path/Frameworks";
				PRODUCT_NAME = "$(TARGET_NAME)";
				TEST_HOST = "$(BUILT_PRODUCTS_DIR)/Encuesta.app/Encuesta";
			};
			name = Debug;
		};
		7DE0D8C01AC0A5D7008958BE /* Release */ = {
			isa = XCBuildConfiguration;
			buildSettings = {
				BUNDLE_LOADER = "$(TEST_HOST)";
				FRAMEWORK_SEARCH_PATHS = (
					"$(SDKROOT)/Developer/Library/Frameworks",
					"$(inherited)",
				);
				INFOPLIST_FILE = EncuestaTests/Info.plist;
				LD_RUNPATH_SEARCH_PATHS = "$(inherited) @executable_path/Frameworks @loader_path/Frameworks";
				PRODUCT_NAME = "$(TARGET_NAME)";
				TEST_HOST = "$(BUILT_PRODUCTS_DIR)/Encuesta.app/Encuesta";
			};
			name = Release;
		};
/* End XCBuildConfiguration section */

/* Begin XCConfigurationList section */
		7DE0D8941AC0A5D6008958BE /* Build configuration list for PBXProject "Encuesta" */ = {
			isa = XCConfigurationList;
			buildConfigurations = (
				7DE0D8B91AC0A5D7008958BE /* Debug */,
				7DE0D8BA1AC0A5D7008958BE /* Release */,
			);
			defaultConfigurationIsVisible = 0;
			defaultConfigurationName = Release;
		};
		7DE0D8BB1AC0A5D7008958BE /* Build configuration list for PBXNativeTarget "Encuesta" */ = {
			isa = XCConfigurationList;
			buildConfigurations = (
				7DE0D8BC1AC0A5D7008958BE /* Debug */,
				7DE0D8BD1AC0A5D7008958BE /* Release */,
			);
			defaultConfigurationIsVisible = 0;
			defaultConfigurationName = Release;
		};
		7DE0D8BE1AC0A5D7008958BE /* Build configuration list for PBXNativeTarget "EncuestaTests" */ = {
			isa = XCConfigurationList;
			buildConfigurations = (
				7DE0D8BF1AC0A5D7008958BE /* Debug */,
				7DE0D8C01AC0A5D7008958BE /* Release */,
			);
			defaultConfigurationIsVisible = 0;
			defaultConfigurationName = Release;
		};
/* End XCConfigurationList section */

/* Begin XCVersionGroup section */
		7DE0D8A01AC0A5D6008958BE /* Encuesta.xcdatamodeld */ = {
			isa = XCVersionGroup;
			children = (
				7DE0D8A11AC0A5D6008958BE /* Encuesta.xcdatamodel */,
			);
			currentVersion = 7DE0D8A11AC0A5D6008958BE /* Encuesta.xcdatamodel */;
			path = Encuesta.xcdatamodeld;
			sourceTree = "<group>";
			versionGroupType = wrapper.xcdatamodel;
		};
/* End XCVersionGroup section */
	};
	rootObject = 7DE0D8911AC0A5D6008958BE /* Project object */;
}
